
Microsoft Visual Studio Solution File, Format Version 12.00
# Visual Studio Version 16
VisualStudioVersion = 16.0.32106.194
MinimumVisualStudioVersion = 10.0.40219.1
Project("{FAE04EC0-301F-11D3-BF4B-00C04F79EFBC}") = "washingtonBarreto", "washingtonBarreto\washingtonBarreto.csproj", "{A71B8A72-D13A-42F3-878E-E3EAA44B741B}"
EndProject
Global
	GlobalSection(SolutionConfigurationPlatforms) = preSolution
		Debug|Any CPU = Debug|Any CPU
		Release|Any CPU = Release|Any CPU
	EndGlobalSection
	GlobalSection(ProjectConfigurationPlatforms) = postSolution
		{A71B8A72-D13A-42F3-878E-E3EAA44B741B}.Debug|Any CPU.ActiveCfg = Debug|Any CPU
		{A71B8A72-D13A-42F3-878E-E3EAA44B741B}.Debug|Any CPU.Build.0 = Debug|Any CPU
		{A71B8A72-D13A-42F3-878E-E3EAA44B741B}.Release|Any CPU.ActiveCfg = Release|Any CPU
		{A71B8A72-D13A-42F3-878E-E3EAA44B741B}.Release|Any CPU.Build.0 = Release|Any CPU
	EndGlobalSection
	GlobalSection(SolutionProperties) = preSolution
		HideSolutionNode = FALSE
	EndGlobalSection
	GlobalSection(ExtensibilityGlobals) = postSolution
		SolutionGuid = {6FB72A17-F932-4242-8B1B-0D1631394173}
	EndGlobalSection
EndGlobal
